
Microsoft Visual Studio Solution File, Format Version 11.00
# Visual Studio 2010
Project("{FAE04EC0-301F-11D3-BF4B-00C04F79EFBC}") = "Biology", "Assembly-CSharp.csproj", "{5C3280EB-B2C0-97D1-CCB8-ADF3A476F1BA}"
EndProject
Project("{FAE04EC0-301F-11D3-BF4B-00C04F79EFBC}") = "Biology", "Assembly-CSharp-Editor.csproj", "{7751AD2F-D8EB-C12F-FD84-DB264FB77EE4}"
EndProject
Global
	GlobalSection(SolutionConfigurationPlatforms) = preSolution
		Debug|Any CPU = Debug|Any CPU
		Release|Any CPU = Release|Any CPU
	EndGlobalSection
	GlobalSection(ProjectConfigurationPlatforms) = postSolution
		{5C3280EB-B2C0-97D1-CCB8-ADF3A476F1BA}.Debug|Any CPU.ActiveCfg = Debug|Any CPU
		{5C3280EB-B2C0-97D1-CCB8-ADF3A476F1BA}.Debug|Any CPU.Build.0 = Debug|Any CPU
		{5C3280EB-B2C0-97D1-CCB8-ADF3A476F1BA}.Release|Any CPU.ActiveCfg = Release|Any CPU
		{5C3280EB-B2C0-97D1-CCB8-ADF3A476F1BA}.Release|Any CPU.Build.0 = Release|Any CPU
		{7751AD2F-D8EB-C12F-FD84-DB264FB77EE4}.Debug|Any CPU.ActiveCfg = Debug|Any CPU
		{7751AD2F-D8EB-C12F-FD84-DB264FB77EE4}.Debug|Any CPU.Build.0 = Debug|Any CPU
		{7751AD2F-D8EB-C12F-FD84-DB264FB77EE4}.Release|Any CPU.ActiveCfg = Release|Any CPU
		{7751AD2F-D8EB-C12F-FD84-DB264FB77EE4}.Release|Any CPU.Build.0 = Release|Any CPU
	EndGlobalSection
	GlobalSection(SolutionProperties) = preSolution
		HideSolutionNode = FALSE
	EndGlobalSection
	GlobalSection(MonoDevelopProperties) = preSolution
		StartupItem = Assembly-CSharp.csproj
	EndGlobalSection
EndGlobal
